<Solution>
  <Project Path="src/OWASP.Application/OWASP.Application.csproj" Id="483e9719-ad52-4bb4-8dd4-244fc787f9ca" />
  <Project Path="src/OWASP.Domain/OWASP.Domain.csproj" Id="ef2ac6dc-ef8d-4c89-948e-3d28b1aa89da" />
  <Project Path="src/OWASP.Identity/OWASP.Identity.csproj" Id="55773c0c-08b4-4ccc-8b21-f47fdd634a79" />
  <Project Path="src/OWASP.Infrastructure/OWASP.Infrastructure.csproj" Id="3d13772a-9196-4419-befc-bb8138335799" />
  <Project Path="src/OWASP.Overtime/OWASP.Overtime.csproj" Id="7fca1e9a-8e96-42c3-ad54-27313fc62a5a" />
  <Project Path="test/OWASP.tests/OWASP.tests.csproj" Id="d5399312-c5ce-487f-9ce6-293ea5ebdf72" />
</Solution>
